
Microsoft Visual Studio Solution File, Format Version 12.00
# Visual Studio Version 16
VisualStudioVersion = 16.0.29806.167
MinimumVisualStudioVersion = 10.0.40219.1
Project("{D2ABAB84-BF74-430A-B69E-9DC6D40DDA17}") = "Analytics", "Analytics\Analytics.dwproj", "{D3EC1C00-D633-4C3F-BE34-7404E5BAEE26}"
EndProject
Global
	GlobalSection(SolutionConfigurationPlatforms) = preSolution
		Development|Default = Development|Default
	EndGlobalSection
	GlobalSection(ProjectConfigurationPlatforms) = postSolution
		{D3EC1C00-D633-4C3F-BE34-7404E5BAEE26}.Development|Default.ActiveCfg = Development
		{D3EC1C00-D633-4C3F-BE34-7404E5BAEE26}.Development|Default.Build.0 = Development
		{D3EC1C00-D633-4C3F-BE34-7404E5BAEE26}.Development|Default.Deploy.0 = Development
	EndGlobalSection
	GlobalSection(SolutionProperties) = preSolution
		HideSolutionNode = FALSE
	EndGlobalSection
	GlobalSection(ExtensibilityGlobals) = postSolution
		SolutionGuid = {DD1B8222-0D81-44A0-8A4B-541BDB24CA1D}
	EndGlobalSection
EndGlobal
