
Microsoft Visual Studio Solution File, Format Version 12.00
# Visual Studio Version 16
VisualStudioVersion = 16.0.29806.167
MinimumVisualStudioVersion = 10.0.40219.1
Project("{D2ABAB84-BF74-430A-B69E-9DC6D40DDA17}") = "Bicycles_analytics", "Bicycles_analytics\Bicycles_analytics.dwproj", "{00C37820-794E-4E95-9EB1-7A5398F91B38}"
EndProject
Global
	GlobalSection(SolutionConfigurationPlatforms) = preSolution
		Development|Default = Development|Default
	EndGlobalSection
	GlobalSection(ProjectConfigurationPlatforms) = postSolution
		{00C37820-794E-4E95-9EB1-7A5398F91B38}.Development|Default.ActiveCfg = Development
		{00C37820-794E-4E95-9EB1-7A5398F91B38}.Development|Default.Build.0 = Development
		{00C37820-794E-4E95-9EB1-7A5398F91B38}.Development|Default.Deploy.0 = Development
	EndGlobalSection
	GlobalSection(SolutionProperties) = preSolution
		HideSolutionNode = FALSE
	EndGlobalSection
	GlobalSection(ExtensibilityGlobals) = postSolution
		SolutionGuid = {92538845-452B-4C0B-8B3A-75C1257E4824}
	EndGlobalSection
EndGlobal
