
Microsoft Visual Studio Solution File, Format Version 12.00
# Visual Studio Version 16
VisualStudioVersion = 16.0.29806.167
MinimumVisualStudioVersion = 10.0.40219.1
Project("{F14B399A-7131-4C87-9E4B-1186C45EF12D}") = "DemoReport", "DemoReport\DemoReport.rptproj", "{B712B861-83FC-424C-A6F2-6C916D5261E2}"
EndProject
Global
	GlobalSection(SolutionConfigurationPlatforms) = preSolution
		Debug|Default = Debug|Default
		DebugLocal|Default = DebugLocal|Default
		Release|Default = Release|Default
	EndGlobalSection
	GlobalSection(ProjectConfigurationPlatforms) = postSolution
		{B712B861-83FC-424C-A6F2-6C916D5261E2}.Debug|Default.ActiveCfg = Debug
		{B712B861-83FC-424C-A6F2-6C916D5261E2}.Debug|Default.Build.0 = Debug
		{B712B861-83FC-424C-A6F2-6C916D5261E2}.Debug|Default.Deploy.0 = Debug
		{B712B861-83FC-424C-A6F2-6C916D5261E2}.DebugLocal|Default.ActiveCfg = DebugLocal
		{B712B861-83FC-424C-A6F2-6C916D5261E2}.DebugLocal|Default.Build.0 = DebugLocal
		{B712B861-83FC-424C-A6F2-6C916D5261E2}.Release|Default.ActiveCfg = Release
		{B712B861-83FC-424C-A6F2-6C916D5261E2}.Release|Default.Build.0 = Release
		{B712B861-83FC-424C-A6F2-6C916D5261E2}.Release|Default.Deploy.0 = Release
	EndGlobalSection
	GlobalSection(SolutionProperties) = preSolution
		HideSolutionNode = FALSE
	EndGlobalSection
	GlobalSection(ExtensibilityGlobals) = postSolution
		SolutionGuid = {E216BA17-0232-4ECE-9680-34CA27866E08}
	EndGlobalSection
EndGlobal
